
Microsoft Visual Studio Solution File, Format Version 12.00
# Visual Studio Version 17
VisualStudioVersion = 17.7.34031.279
MinimumVisualStudioVersion = 10.0.40219.1
Project("{9A19103F-16F7-4668-BE54-9A1E7A4F7556}") = "Backend", "Backend\Backend.csproj", "{EC8968F3-B5FE-42D5-85FB-18611139FF41}"
EndProject
Global
	GlobalSection(SolutionConfigurationPlatforms) = preSolution
		Debug|Any CPU = Debug|Any CPU
		Debug|x64 = Debug|x64
		Release|Any CPU = Release|Any CPU
		Release|x64 = Release|x64
	EndGlobalSection
	GlobalSection(ProjectConfigurationPlatforms) = postSolution
		{EC8968F3-B5FE-42D5-85FB-18611139FF41}.Debug|Any CPU.ActiveCfg = Debug|Any CPU
		{EC8968F3-B5FE-42D5-85FB-18611139FF41}.Debug|Any CPU.Build.0 = Debug|Any CPU
		{EC8968F3-B5FE-42D5-85FB-18611139FF41}.Debug|x64.ActiveCfg = Debug|x64
		{EC8968F3-B5FE-42D5-85FB-18611139FF41}.Debug|x64.Build.0 = Debug|x64
		{EC8968F3-B5FE-42D5-85FB-18611139FF41}.Release|Any CPU.ActiveCfg = Release|Any CPU
		{EC8968F3-B5FE-42D5-85FB-18611139FF41}.Release|Any CPU.Build.0 = Release|Any CPU
		{EC8968F3-B5FE-42D5-85FB-18611139FF41}.Release|x64.ActiveCfg = Release|x64
		{EC8968F3-B5FE-42D5-85FB-18611139FF41}.Release|x64.Build.0 = Release|x64
	EndGlobalSection
	GlobalSection(SolutionProperties) = preSolution
		HideSolutionNode = FALSE
	EndGlobalSection
	GlobalSection(ExtensibilityGlobals) = postSolution
		SolutionGuid = {8416973A-4972-43D0-A753-933ADC6F4FE6}
	EndGlobalSection
EndGlobal
